
Microsoft Visual Studio Solution File, Format Version 12.00
# Visual Studio 15
VisualStudioVersion = 15.0.28307.645
MinimumVisualStudioVersion = 10.0.40219.1
Project("{FAE04EC0-301F-11D3-BF4B-00C04F79EFBC}") = "MelontechOrhanBekir", "MelontechOrhanBekir\MelontechOrhanBekir.csproj", "{75F01A66-BCD0-4EC1-97D9-63FED529C7FF}"
EndProject
Project("{FAE04EC0-301F-11D3-BF4B-00C04F79EFBC}") = "WebCrawlerLibTest", "CrawlerTest\WebCrawlerLibTest.csproj", "{0EED0998-CEBC-4B66-BCFF-A2F238A08D86}"
EndProject
Project("{FAE04EC0-301F-11D3-BF4B-00C04F79EFBC}") = "WebCrawlerLib", "WebCrawlerLib\WebCrawlerLib.csproj", "{3C081570-8DFD-4139-A4F0-887C2C862720}"
EndProject
Global
	GlobalSection(SolutionConfigurationPlatforms) = preSolution
		Debug|Any CPU = Debug|Any CPU
		Release|Any CPU = Release|Any CPU
	EndGlobalSection
	GlobalSection(ProjectConfigurationPlatforms) = postSolution
		{75F01A66-BCD0-4EC1-97D9-63FED529C7FF}.Debug|Any CPU.ActiveCfg = Debug|Any CPU
		{75F01A66-BCD0-4EC1-97D9-63FED529C7FF}.Debug|Any CPU.Build.0 = Debug|Any CPU
		{75F01A66-BCD0-4EC1-97D9-63FED529C7FF}.Release|Any CPU.ActiveCfg = Release|Any CPU
		{75F01A66-BCD0-4EC1-97D9-63FED529C7FF}.Release|Any CPU.Build.0 = Release|Any CPU
		{0EED0998-CEBC-4B66-BCFF-A2F238A08D86}.Debug|Any CPU.ActiveCfg = Debug|Any CPU
		{0EED0998-CEBC-4B66-BCFF-A2F238A08D86}.Debug|Any CPU.Build.0 = Debug|Any CPU
		{0EED0998-CEBC-4B66-BCFF-A2F238A08D86}.Release|Any CPU.ActiveCfg = Release|Any CPU
		{0EED0998-CEBC-4B66-BCFF-A2F238A08D86}.Release|Any CPU.Build.0 = Release|Any CPU
		{3C081570-8DFD-4139-A4F0-887C2C862720}.Debug|Any CPU.ActiveCfg = Debug|Any CPU
		{3C081570-8DFD-4139-A4F0-887C2C862720}.Debug|Any CPU.Build.0 = Debug|Any CPU
		{3C081570-8DFD-4139-A4F0-887C2C862720}.Release|Any CPU.ActiveCfg = Release|Any CPU
		{3C081570-8DFD-4139-A4F0-887C2C862720}.Release|Any CPU.Build.0 = Release|Any CPU
	EndGlobalSection
	GlobalSection(SolutionProperties) = preSolution
		HideSolutionNode = FALSE
	EndGlobalSection
	GlobalSection(ExtensibilityGlobals) = postSolution
		SolutionGuid = {32BB1DFA-D6CD-489F-A457-66E30B376553}
	EndGlobalSection
EndGlobal
